// !$*UTF8*$!
{
	archiveVersion = 1;
	classes = {
	};
	objectVersion = 55;
	objects = {

/* Begin PBXBuildFile section */
		26A3A49555696753C9C0655D /* Pods_TMDBClient.framework in Frameworks */ = {isa = PBXBuildFile; fileRef = 3DE62E1901BB31006C6D8CB8 /* Pods_TMDBClient.framework */; };
		7A3DE4AA9D8058E4D580F389 /* Pods_TMDBClient_TMDBClientUITests.framework in Frameworks */ = {isa = PBXBuildFile; fileRef = 18EE8C323D4CBAD3CABF8271 /* Pods_TMDBClient_TMDBClientUITests.framework */; };
		8309061D27DD307500A12114 /* AppDelegate.swift in Sources */ = {isa = PBXBuildFile; fileRef = 8309061C27DD307500A12114 /* AppDelegate.swift */; };
		8309061F27DD307500A12114 /* SceneDelegate.swift in Sources */ = {isa = PBXBuildFile; fileRef = 8309061E27DD307500A12114 /* SceneDelegate.swift */; };
		8309062127DD307500A12114 /* ViewController.swift in Sources */ = {isa = PBXBuildFile; fileRef = 8309062027DD307500A12114 /* ViewController.swift */; };
		8309062427DD307500A12114 /* Main.storyboard in Resources */ = {isa = PBXBuildFile; fileRef = 8309062227DD307500A12114 /* Main.storyboard */; };
		8309062627DD307800A12114 /* Assets.xcassets in Resources */ = {isa = PBXBuildFile; fileRef = 8309062527DD307800A12114 /* Assets.xcassets */; };
		8309062927DD307800A12114 /* LaunchScreen.storyboard in Resources */ = {isa = PBXBuildFile; fileRef = 8309062727DD307800A12114 /* LaunchScreen.storyboard */; };
		8309063427DD307900A12114 /* TMDBClientTests.swift in Sources */ = {isa = PBXBuildFile; fileRef = 8309063327DD307900A12114 /* TMDBClientTests.swift */; };
		8309063E27DD307900A12114 /* TMDBClientUITests.swift in Sources */ = {isa = PBXBuildFile; fileRef = 8309063D27DD307900A12114 /* TMDBClientUITests.swift */; };
		8309064027DD307900A12114 /* TMDBClientUITestsLaunchTests.swift in Sources */ = {isa = PBXBuildFile; fileRef = 8309063F27DD307900A12114 /* TMDBClientUITestsLaunchTests.swift */; };
		8309064F27DD347500A12114 /* R.generated.swift in Sources */ = {isa = PBXBuildFile; fileRef = 8309064E27DD347500A12114 /* R.generated.swift */; };
		8309065727DD35C300A12114 /* Localizable.strings in Resources */ = {isa = PBXBuildFile; fileRef = 8309065927DD35C300A12114 /* Localizable.strings */; };
		89949E25D853F9550D302081 /* Pods_TMDBClientTests.framework in Frameworks */ = {isa = PBXBuildFile; fileRef = 5710D6DC063700FBD2AC03B0 /* Pods_TMDBClientTests.framework */; };
/* End PBXBuildFile section */

/* Begin PBXContainerItemProxy section */
		8309063027DD307900A12114 /* PBXContainerItemProxy */ = {
			isa = PBXContainerItemProxy;
			containerPortal = 8309061127DD307500A12114 /* Project object */;
			proxyType = 1;
			remoteGlobalIDString = 8309061827DD307500A12114;
			remoteInfo = TMDBClient;
		};
		8309063A27DD307900A12114 /* PBXContainerItemProxy */ = {
			isa = PBXContainerItemProxy;
			containerPortal = 8309061127DD307500A12114 /* Project object */;
			proxyType = 1;
			remoteGlobalIDString = 8309061827DD307500A12114;
			remoteInfo = TMDBClient;
		};
/* End PBXContainerItemProxy section */

/* Begin PBXFileReference section */
		18EE8C323D4CBAD3CABF8271 /* Pods_TMDBClient_TMDBClientUITests.framework */ = {isa = PBXFileReference; explicitFileType = wrapper.framework; includeInIndex = 0; path = Pods_TMDBClient_TMDBClientUITests.framework; sourceTree = BUILT_PRODUCTS_DIR; };
		233374B5B21604393625A4B2 /* Pods-TMDBClientTests.debug.xcconfig */ = {isa = PBXFileReference; includeInIndex = 1; lastKnownFileType = text.xcconfig; name = "Pods-TMDBClientTests.debug.xcconfig"; path = "Target Support Files/Pods-TMDBClientTests/Pods-TMDBClientTests.debug.xcconfig"; sourceTree = "<group>"; };
		3DE62E1901BB31006C6D8CB8 /* Pods_TMDBClient.framework */ = {isa = PBXFileReference; explicitFileType = wrapper.framework; includeInIndex = 0; path = Pods_TMDBClient.framework; sourceTree = BUILT_PRODUCTS_DIR; };
		5710D6DC063700FBD2AC03B0 /* Pods_TMDBClientTests.framework */ = {isa = PBXFileReference; explicitFileType = wrapper.framework; includeInIndex = 0; path = Pods_TMDBClientTests.framework; sourceTree = BUILT_PRODUCTS_DIR; };
		6252D25C11E14EF3A8FE0C5C /* Pods-TMDBClient.debug.xcconfig */ = {isa = PBXFileReference; includeInIndex = 1; lastKnownFileType = text.xcconfig; name = "Pods-TMDBClient.debug.xcconfig"; path = "Target Support Files/Pods-TMDBClient/Pods-TMDBClient.debug.xcconfig"; sourceTree = "<group>"; };
		6FCBDE7EEF3AF5E47C383D8C /* Pods-TMDBClient-TMDBClientUITests.debug.xcconfig */ = {isa = PBXFileReference; includeInIndex = 1; lastKnownFileType = text.xcconfig; name = "Pods-TMDBClient-TMDBClientUITests.debug.xcconfig"; path = "Target Support Files/Pods-TMDBClient-TMDBClientUITests/Pods-TMDBClient-TMDBClientUITests.debug.xcconfig"; sourceTree = "<group>"; };
		8309061927DD307500A12114 /* TMDBClient.app */ = {isa = PBXFileReference; explicitFileType = wrapper.application; includeInIndex = 0; path = TMDBClient.app; sourceTree = BUILT_PRODUCTS_DIR; };
		8309061C27DD307500A12114 /* AppDelegate.swift */ = {isa = PBXFileReference; lastKnownFileType = sourcecode.swift; path = AppDelegate.swift; sourceTree = "<group>"; };
		8309061E27DD307500A12114 /* SceneDelegate.swift */ = {isa = PBXFileReference; lastKnownFileType = sourcecode.swift; path = SceneDelegate.swift; sourceTree = "<group>"; };
		8309062027DD307500A12114 /* ViewController.swift */ = {isa = PBXFileReference; lastKnownFileType = sourcecode.swift; path = ViewController.swift; sourceTree = "<group>"; };
		8309062327DD307500A12114 /* Base */ = {isa = PBXFileReference; lastKnownFileType = file.storyboard; name = Base; path = Base.lproj/Main.storyboard; sourceTree = "<group>"; };
		8309062527DD307800A12114 /* Assets.xcassets */ = {isa = PBXFileReference; lastKnownFileType = folder.assetcatalog; path = Assets.xcassets; sourceTree = "<group>"; };
		8309062827DD307800A12114 /* Base */ = {isa = PBXFileReference; lastKnownFileType = file.storyboard; name = Base; path = Base.lproj/LaunchScreen.storyboard; sourceTree = "<group>"; };
		8309062A27DD307800A12114 /* Info.plist */ = {isa = PBXFileReference; lastKnownFileType = text.plist.xml; path = Info.plist; sourceTree = "<group>"; };
		8309062F27DD307900A12114 /* TMDBClientTests.xctest */ = {isa = PBXFileReference; explicitFileType = wrapper.cfbundle; includeInIndex = 0; path = TMDBClientTests.xctest; sourceTree = BUILT_PRODUCTS_DIR; };
		8309063327DD307900A12114 /* TMDBClientTests.swift */ = {isa = PBXFileReference; lastKnownFileType = sourcecode.swift; path = TMDBClientTests.swift; sourceTree = "<group>"; };
		8309063927DD307900A12114 /* TMDBClientUITests.xctest */ = {isa = PBXFileReference; explicitFileType = wrapper.cfbundle; includeInIndex = 0; path = TMDBClientUITests.xctest; sourceTree = BUILT_PRODUCTS_DIR; };
		8309063D27DD307900A12114 /* TMDBClientUITests.swift */ = {isa = PBXFileReference; lastKnownFileType = sourcecode.swift; path = TMDBClientUITests.swift; sourceTree = "<group>"; };
		8309063F27DD307900A12114 /* TMDBClientUITestsLaunchTests.swift */ = {isa = PBXFileReference; lastKnownFileType = sourcecode.swift; path = TMDBClientUITestsLaunchTests.swift; sourceTree = "<group>"; };
		8309064E27DD347500A12114 /* R.generated.swift */ = {isa = PBXFileReference; fileEncoding = 4; lastKnownFileType = sourcecode.swift; path = R.generated.swift; sourceTree = SOURCE_ROOT; };
		8309065827DD35C300A12114 /* en */ = {isa = PBXFileReference; lastKnownFileType = text.plist.strings; name = en; path = en.lproj/Localizable.strings; sourceTree = "<group>"; };
		BF61F4104481CE386AE1C01C /* Pods-TMDBClient-TMDBClientUITests.release.xcconfig */ = {isa = PBXFileReference; includeInIndex = 1; lastKnownFileType = text.xcconfig; name = "Pods-TMDBClient-TMDBClientUITests.release.xcconfig"; path = "Target Support Files/Pods-TMDBClient-TMDBClientUITests/Pods-TMDBClient-TMDBClientUITests.release.xcconfig"; sourceTree = "<group>"; };
		C9365562300713DD2E3E4586 /* Pods-TMDBClientTests.release.xcconfig */ = {isa = PBXFileReference; includeInIndex = 1; lastKnownFileType = text.xcconfig; name = "Pods-TMDBClientTests.release.xcconfig"; path = "Target Support Files/Pods-TMDBClientTests/Pods-TMDBClientTests.release.xcconfig"; sourceTree = "<group>"; };
		DBE508B0BD6122C6249ED24A /* Pods-TMDBClient.release.xcconfig */ = {isa = PBXFileReference; includeInIndex = 1; lastKnownFileType = text.xcconfig; name = "Pods-TMDBClient.release.xcconfig"; path = "Target Support Files/Pods-TMDBClient/Pods-TMDBClient.release.xcconfig"; sourceTree = "<group>"; };
/* End PBXFileReference section */

/* Begin PBXFrameworksBuildPhase section */
		8309061627DD307500A12114 /* Frameworks */ = {
			isa = PBXFrameworksBuildPhase;
			buildActionMask = 2147483647;
			files = (
				26A3A49555696753C9C0655D /* Pods_TMDBClient.framework in Frameworks */,
			);
			runOnlyForDeploymentPostprocessing = 0;
		};
		8309062C27DD307900A12114 /* Frameworks */ = {
			isa = PBXFrameworksBuildPhase;
			buildActionMask = 2147483647;
			files = (
				89949E25D853F9550D302081 /* Pods_TMDBClientTests.framework in Frameworks */,
			);
			runOnlyForDeploymentPostprocessing = 0;
		};
		8309063627DD307900A12114 /* Frameworks */ = {
			isa = PBXFrameworksBuildPhase;
			buildActionMask = 2147483647;
			files = (
				7A3DE4AA9D8058E4D580F389 /* Pods_TMDBClient_TMDBClientUITests.framework in Frameworks */,
			);
			runOnlyForDeploymentPostprocessing = 0;
		};
/* End PBXFrameworksBuildPhase section */

/* Begin PBXGroup section */
		274985F471B6809E5E4A0E04 /* Pods */ = {
			isa = PBXGroup;
			children = (
				6252D25C11E14EF3A8FE0C5C /* Pods-TMDBClient.debug.xcconfig */,
				DBE508B0BD6122C6249ED24A /* Pods-TMDBClient.release.xcconfig */,
				6FCBDE7EEF3AF5E47C383D8C /* Pods-TMDBClient-TMDBClientUITests.debug.xcconfig */,
				BF61F4104481CE386AE1C01C /* Pods-TMDBClient-TMDBClientUITests.release.xcconfig */,
				233374B5B21604393625A4B2 /* Pods-TMDBClientTests.debug.xcconfig */,
				C9365562300713DD2E3E4586 /* Pods-TMDBClientTests.release.xcconfig */,
			);
			path = Pods;
			sourceTree = "<group>";
		};
		7DF860FB58012545D1BF66AD /* Frameworks */ = {
			isa = PBXGroup;
			children = (
				3DE62E1901BB31006C6D8CB8 /* Pods_TMDBClient.framework */,
				18EE8C323D4CBAD3CABF8271 /* Pods_TMDBClient_TMDBClientUITests.framework */,
				5710D6DC063700FBD2AC03B0 /* Pods_TMDBClientTests.framework */,
			);
			name = Frameworks;
			sourceTree = "<group>";
		};
		8309061027DD307500A12114 = {
			isa = PBXGroup;
			children = (
				8309065027DD351A00A12114 /* Localization */,
				8309064D27DD345E00A12114 /* Supporting Files */,
				8309061B27DD307500A12114 /* TMDBClient */,
				8309063227DD307900A12114 /* TMDBClientTests */,
				8309063C27DD307900A12114 /* TMDBClientUITests */,
				8309061A27DD307500A12114 /* Products */,
				274985F471B6809E5E4A0E04 /* Pods */,
				7DF860FB58012545D1BF66AD /* Frameworks */,
			);
			sourceTree = "<group>";
		};
		8309061A27DD307500A12114 /* Products */ = {
			isa = PBXGroup;
			children = (
				8309061927DD307500A12114 /* TMDBClient.app */,
				8309062F27DD307900A12114 /* TMDBClientTests.xctest */,
				8309063927DD307900A12114 /* TMDBClientUITests.xctest */,
			);
			name = Products;
			sourceTree = "<group>";
		};
		8309061B27DD307500A12114 /* TMDBClient */ = {
			isa = PBXGroup;
			children = (
				8309061C27DD307500A12114 /* AppDelegate.swift */,
				8309061E27DD307500A12114 /* SceneDelegate.swift */,
				8309062027DD307500A12114 /* ViewController.swift */,
				8309062227DD307500A12114 /* Main.storyboard */,
				8309062527DD307800A12114 /* Assets.xcassets */,
				8309062727DD307800A12114 /* LaunchScreen.storyboard */,
				8309062A27DD307800A12114 /* Info.plist */,
			);
			path = TMDBClient;
			sourceTree = "<group>";
		};
		8309063227DD307900A12114 /* TMDBClientTests */ = {
			isa = PBXGroup;
			children = (
				8309063327DD307900A12114 /* TMDBClientTests.swift */,
			);
			path = TMDBClientTests;
			sourceTree = "<group>";
		};
		8309063C27DD307900A12114 /* TMDBClientUITests */ = {
			isa = PBXGroup;
			children = (
				8309063D27DD307900A12114 /* TMDBClientUITests.swift */,
				8309063F27DD307900A12114 /* TMDBClientUITestsLaunchTests.swift */,
			);
			path = TMDBClientUITests;
			sourceTree = "<group>";
		};
		8309064D27DD345E00A12114 /* Supporting Files */ = {
			isa = PBXGroup;
			children = (
				8309064E27DD347500A12114 /* R.generated.swift */,
			);
			path = "Supporting Files";
			sourceTree = "<group>";
		};
		8309065027DD351A00A12114 /* Localization */ = {
			isa = PBXGroup;
			children = (
				8309065927DD35C300A12114 /* Localizable.strings */,
			);
			path = Localization;
			sourceTree = "<group>";
		};
/* End PBXGroup section */

/* Begin PBXNativeTarget section */
		8309061827DD307500A12114 /* TMDBClient */ = {
			isa = PBXNativeTarget;
			buildConfigurationList = 8309064327DD307900A12114 /* Build configuration list for PBXNativeTarget "TMDBClient" */;
			buildPhases = (
				351CCD617DFAFC39A7624D29 /* [CP] Check Pods Manifest.lock */,
				8309064C27DD33C600A12114 /* ShellScript */,
				8309061527DD307500A12114 /* Sources */,
				8309061627DD307500A12114 /* Frameworks */,
				8309061727DD307500A12114 /* Resources */,
				5DB53B919C3137A556BD9C9B /* [CP] Embed Pods Frameworks */,
				8309065A27DD3BC600A12114 /* ShellScript */,
			);
			buildRules = (
			);
			dependencies = (
			);
			name = TMDBClient;
			productName = TMDBClient;
			productReference = 8309061927DD307500A12114 /* TMDBClient.app */;
			productType = "com.apple.product-type.application";
		};
		8309062E27DD307900A12114 /* TMDBClientTests */ = {
			isa = PBXNativeTarget;
			buildConfigurationList = 8309064627DD307900A12114 /* Build configuration list for PBXNativeTarget "TMDBClientTests" */;
			buildPhases = (
				E5BFFB0A5F93094C6703CB2B /* [CP] Check Pods Manifest.lock */,
				8309062B27DD307900A12114 /* Sources */,
				8309062C27DD307900A12114 /* Frameworks */,
				8309062D27DD307900A12114 /* Resources */,
				4A523DEAF6554F64D170CDF7 /* [CP] Embed Pods Frameworks */,
			);
			buildRules = (
			);
			dependencies = (
				8309063127DD307900A12114 /* PBXTargetDependency */,
			);
			name = TMDBClientTests;
			productName = TMDBClientTests;
			productReference = 8309062F27DD307900A12114 /* TMDBClientTests.xctest */;
			productType = "com.apple.product-type.bundle.unit-test";
		};
		8309063827DD307900A12114 /* TMDBClientUITests */ = {
			isa = PBXNativeTarget;
			buildConfigurationList = 8309064927DD307900A12114 /* Build configuration list for PBXNativeTarget "TMDBClientUITests" */;
			buildPhases = (
				97EDA3E2FE76A369A301C326 /* [CP] Check Pods Manifest.lock */,
				8309063527DD307900A12114 /* Sources */,
				8309063627DD307900A12114 /* Frameworks */,
				8309063727DD307900A12114 /* Resources */,
				D1418D06BC6AC332E1403990 /* [CP] Embed Pods Frameworks */,
			);
			buildRules = (
			);
			dependencies = (
				8309063B27DD307900A12114 /* PBXTargetDependency */,
			);
			name = TMDBClientUITests;
			productName = TMDBClientUITests;
			productReference = 8309063927DD307900A12114 /* TMDBClientUITests.xctest */;
			productType = "com.apple.product-type.bundle.ui-testing";
		};
/* End PBXNativeTarget section */

/* Begin PBXProject section */
		8309061127DD307500A12114 /* Project object */ = {
			isa = PBXProject;
			attributes = {
				BuildIndependentTargetsInParallel = 1;
				LastSwiftUpdateCheck = 1300;
				LastUpgradeCheck = 1300;
				TargetAttributes = {
					8309061827DD307500A12114 = {
						CreatedOnToolsVersion = 13.0;
					};
					8309062E27DD307900A12114 = {
						CreatedOnToolsVersion = 13.0;
						TestTargetID = 8309061827DD307500A12114;
					};
					8309063827DD307900A12114 = {
						CreatedOnToolsVersion = 13.0;
						TestTargetID = 8309061827DD307500A12114;
					};
				};
			};
			buildConfigurationList = 8309061427DD307500A12114 /* Build configuration list for PBXProject "TMDBClient" */;
			compatibilityVersion = "Xcode 13.0";
			developmentRegion = en;
			hasScannedForEncodings = 0;
			knownRegions = (
				en,
				Base,
			);
			mainGroup = 8309061027DD307500A12114;
			productRefGroup = 8309061A27DD307500A12114 /* Products */;
			projectDirPath = "";
			projectRoot = "";
			targets = (
				8309061827DD307500A12114 /* TMDBClient */,
				8309062E27DD307900A12114 /* TMDBClientTests */,
				8309063827DD307900A12114 /* TMDBClientUITests */,
			);
		};
/* End PBXProject section */

/* Begin PBXResourcesBuildPhase section */
		8309061727DD307500A12114 /* Resources */ = {
			isa = PBXResourcesBuildPhase;
			buildActionMask = 2147483647;
			files = (
				8309062927DD307800A12114 /* LaunchScreen.storyboard in Resources */,
				8309065727DD35C300A12114 /* Localizable.strings in Resources */,
				8309062627DD307800A12114 /* Assets.xcassets in Resources */,
				8309062427DD307500A12114 /* Main.storyboard in Resources */,
			);
			runOnlyForDeploymentPostprocessing = 0;
		};
		8309062D27DD307900A12114 /* Resources */ = {
			isa = PBXResourcesBuildPhase;
			buildActionMask = 2147483647;
			files = (
			);
			runOnlyForDeploymentPostprocessing = 0;
		};
		8309063727DD307900A12114 /* Resources */ = {
			isa = PBXResourcesBuildPhase;
			buildActionMask = 2147483647;
			files = (
			);
			runOnlyForDeploymentPostprocessing = 0;
		};
/* End PBXResourcesBuildPhase section */

/* Begin PBXShellScriptBuildPhase section */
		351CCD617DFAFC39A7624D29 /* [CP] Check Pods Manifest.lock */ = {
			isa = PBXShellScriptBuildPhase;
			buildActionMask = 2147483647;
			files = (
			);
			inputFileListPaths = (
			);
			inputPaths = (
				"${PODS_PODFILE_DIR_PATH}/Podfile.lock",
				"${PODS_ROOT}/Manifest.lock",
			);
			name = "[CP] Check Pods Manifest.lock";
			outputFileListPaths = (
			);
			outputPaths = (
				"$(DERIVED_FILE_DIR)/Pods-TMDBClient-checkManifestLockResult.txt",
			);
			runOnlyForDeploymentPostprocessing = 0;
			shellPath = /bin/sh;
			shellScript = "diff \"${PODS_PODFILE_DIR_PATH}/Podfile.lock\" \"${PODS_ROOT}/Manifest.lock\" > /dev/null\nif [ $? != 0 ] ; then\n    # print error to STDERR\n    echo \"error: The sandbox is not in sync with the Podfile.lock. Run 'pod install' or update your CocoaPods installation.\" >&2\n    exit 1\nfi\n# This output is used by Xcode 'outputs' to avoid re-running this script phase.\necho \"SUCCESS\" > \"${SCRIPT_OUTPUT_FILE_0}\"\n";
			showEnvVarsInLog = 0;
		};
		4A523DEAF6554F64D170CDF7 /* [CP] Embed Pods Frameworks */ = {
			isa = PBXShellScriptBuildPhase;
			buildActionMask = 2147483647;
			files = (
			);
			inputFileListPaths = (
				"${PODS_ROOT}/Target Support Files/Pods-TMDBClientTests/Pods-TMDBClientTests-frameworks-${CONFIGURATION}-input-files.xcfilelist",
			);
			name = "[CP] Embed Pods Frameworks";
			outputFileListPaths = (
				"${PODS_ROOT}/Target Support Files/Pods-TMDBClientTests/Pods-TMDBClientTests-frameworks-${CONFIGURATION}-output-files.xcfilelist",
			);
			runOnlyForDeploymentPostprocessing = 0;
			shellPath = /bin/sh;
			shellScript = "\"${PODS_ROOT}/Target Support Files/Pods-TMDBClientTests/Pods-TMDBClientTests-frameworks.sh\"\n";
			showEnvVarsInLog = 0;
		};
		5DB53B919C3137A556BD9C9B /* [CP] Embed Pods Frameworks */ = {
			isa = PBXShellScriptBuildPhase;
			buildActionMask = 2147483647;
			files = (
			);
			inputFileListPaths = (
				"${PODS_ROOT}/Target Support Files/Pods-TMDBClient/Pods-TMDBClient-frameworks-${CONFIGURATION}-input-files.xcfilelist",
			);
			name = "[CP] Embed Pods Frameworks";
			outputFileListPaths = (
				"${PODS_ROOT}/Target Support Files/Pods-TMDBClient/Pods-TMDBClient-frameworks-${CONFIGURATION}-output-files.xcfilelist",
			);
			runOnlyForDeploymentPostprocessing = 0;
			shellPath = /bin/sh;
			shellScript = "\"${PODS_ROOT}/Target Support Files/Pods-TMDBClient/Pods-TMDBClient-frameworks.sh\"\n";
			showEnvVarsInLog = 0;
		};
		8309064C27DD33C600A12114 /* ShellScript */ = {
			isa = PBXShellScriptBuildPhase;
			buildActionMask = 2147483647;
			files = (
			);
			inputFileListPaths = (
			);
			inputPaths = (
			);
			outputFileListPaths = (
			);
			outputPaths = (
				$SRCROOT/R.generated.swift,
			);
			runOnlyForDeploymentPostprocessing = 0;
			shellPath = /bin/sh;
			shellScript = "\"$PODS_ROOT/R.swift/rswift\" generate \"$SRCROOT/R.generated.swift\"\n";
		};
		8309065A27DD3BC600A12114 /* ShellScript */ = {
			isa = PBXShellScriptBuildPhase;
			buildActionMask = 2147483647;
			files = (
			);
			inputFileListPaths = (
			);
			inputPaths = (
			);
			outputFileListPaths = (
			);
			outputPaths = (
			);
			runOnlyForDeploymentPostprocessing = 0;
			shellPath = /bin/sh;
			shellScript = "export PATH=\"$PATH:/opt/homebrew/bin\"\n\nif which swiftlint >/dev/null; then\n  swiftlint\nelse\n  echo \"warning: SwiftLint not installed, download from https://github.com/realm/SwiftLint\"\nfi\n";
		};
		97EDA3E2FE76A369A301C326 /* [CP] Check Pods Manifest.lock */ = {
			isa = PBXShellScriptBuildPhase;
			buildActionMask = 2147483647;
			files = (
			);
			inputFileListPaths = (
			);
			inputPaths = (
				"${PODS_PODFILE_DIR_PATH}/Podfile.lock",
				"${PODS_ROOT}/Manifest.lock",
			);
			name = "[CP] Check Pods Manifest.lock";
			outputFileListPaths = (
			);
			outputPaths = (
				"$(DERIVED_FILE_DIR)/Pods-TMDBClient-TMDBClientUITests-checkManifestLockResult.txt",
			);
			runOnlyForDeploymentPostprocessing = 0;
			shellPath = /bin/sh;
			shellScript = "diff \"${PODS_PODFILE_DIR_PATH}/Podfile.lock\" \"${PODS_ROOT}/Manifest.lock\" > /dev/null\nif [ $? != 0 ] ; then\n    # print error to STDERR\n    echo \"error: The sandbox is not in sync with the Podfile.lock. Run 'pod install' or update your CocoaPods installation.\" >&2\n    exit 1\nfi\n# This output is used by Xcode 'outputs' to avoid re-running this script phase.\necho \"SUCCESS\" > \"${SCRIPT_OUTPUT_FILE_0}\"\n";
			showEnvVarsInLog = 0;
		};
		D1418D06BC6AC332E1403990 /* [CP] Embed Pods Frameworks */ = {
			isa = PBXShellScriptBuildPhase;
			buildActionMask = 2147483647;
			files = (
			);
			inputFileListPaths = (
				"${PODS_ROOT}/Target Support Files/Pods-TMDBClient-TMDBClientUITests/Pods-TMDBClient-TMDBClientUITests-frameworks-${CONFIGURATION}-input-files.xcfilelist",
			);
			name = "[CP] Embed Pods Frameworks";
			outputFileListPaths = (
				"${PODS_ROOT}/Target Support Files/Pods-TMDBClient-TMDBClientUITests/Pods-TMDBClient-TMDBClientUITests-frameworks-${CONFIGURATION}-output-files.xcfilelist",
			);
			runOnlyForDeploymentPostprocessing = 0;
			shellPath = /bin/sh;
			shellScript = "\"${PODS_ROOT}/Target Support Files/Pods-TMDBClient-TMDBClientUITests/Pods-TMDBClient-TMDBClientUITests-frameworks.sh\"\n";
			showEnvVarsInLog = 0;
		};
		E5BFFB0A5F93094C6703CB2B /* [CP] Check Pods Manifest.lock */ = {
			isa = PBXShellScriptBuildPhase;
			buildActionMask = 2147483647;
			files = (
			);
			inputFileListPaths = (
			);
			inputPaths = (
				"${PODS_PODFILE_DIR_PATH}/Podfile.lock",
				"${PODS_ROOT}/Manifest.lock",
			);
			name = "[CP] Check Pods Manifest.lock";
			outputFileListPaths = (
			);
			outputPaths = (
				"$(DERIVED_FILE_DIR)/Pods-TMDBClientTests-checkManifestLockResult.txt",
			);
			runOnlyForDeploymentPostprocessing = 0;
			shellPath = /bin/sh;
			shellScript = "diff \"${PODS_PODFILE_DIR_PATH}/Podfile.lock\" \"${PODS_ROOT}/Manifest.lock\" > /dev/null\nif [ $? != 0 ] ; then\n    # print error to STDERR\n    echo \"error: The sandbox is not in sync with the Podfile.lock. Run 'pod install' or update your CocoaPods installation.\" >&2\n    exit 1\nfi\n# This output is used by Xcode 'outputs' to avoid re-running this script phase.\necho \"SUCCESS\" > \"${SCRIPT_OUTPUT_FILE_0}\"\n";
			showEnvVarsInLog = 0;
		};
/* End PBXShellScriptBuildPhase section */

/* Begin PBXSourcesBuildPhase section */
		8309061527DD307500A12114 /* Sources */ = {
			isa = PBXSourcesBuildPhase;
			buildActionMask = 2147483647;
			files = (
				8309062127DD307500A12114 /* ViewController.swift in Sources */,
				8309061D27DD307500A12114 /* AppDelegate.swift in Sources */,
				8309061F27DD307500A12114 /* SceneDelegate.swift in Sources */,
				8309064F27DD347500A12114 /* R.generated.swift in Sources */,
			);
			runOnlyForDeploymentPostprocessing = 0;
		};
		8309062B27DD307900A12114 /* Sources */ = {
			isa = PBXSourcesBuildPhase;
			buildActionMask = 2147483647;
			files = (
				8309063427DD307900A12114 /* TMDBClientTests.swift in Sources */,
			);
			runOnlyForDeploymentPostprocessing = 0;
		};
		8309063527DD307900A12114 /* Sources */ = {
			isa = PBXSourcesBuildPhase;
			buildActionMask = 2147483647;
			files = (
				8309064027DD307900A12114 /* TMDBClientUITestsLaunchTests.swift in Sources */,
				8309063E27DD307900A12114 /* TMDBClientUITests.swift in Sources */,
			);
			runOnlyForDeploymentPostprocessing = 0;
		};
/* End PBXSourcesBuildPhase section */

/* Begin PBXTargetDependency section */
		8309063127DD307900A12114 /* PBXTargetDependency */ = {
			isa = PBXTargetDependency;
			target = 8309061827DD307500A12114 /* TMDBClient */;
			targetProxy = 8309063027DD307900A12114 /* PBXContainerItemProxy */;
		};
		8309063B27DD307900A12114 /* PBXTargetDependency */ = {
			isa = PBXTargetDependency;
			target = 8309061827DD307500A12114 /* TMDBClient */;
			targetProxy = 8309063A27DD307900A12114 /* PBXContainerItemProxy */;
		};
/* End PBXTargetDependency section */

/* Begin PBXVariantGroup section */
		8309062227DD307500A12114 /* Main.storyboard */ = {
			isa = PBXVariantGroup;
			children = (
				8309062327DD307500A12114 /* Base */,
			);
			name = Main.storyboard;
			sourceTree = "<group>";
		};
		8309062727DD307800A12114 /* LaunchScreen.storyboard */ = {
			isa = PBXVariantGroup;
			children = (
				8309062827DD307800A12114 /* Base */,
			);
			name = LaunchScreen.storyboard;
			sourceTree = "<group>";
		};
		8309065927DD35C300A12114 /* Localizable.strings */ = {
			isa = PBXVariantGroup;
			children = (
				8309065827DD35C300A12114 /* en */,
			);
			name = Localizable.strings;
			sourceTree = "<group>";
		};
/* End PBXVariantGroup section */

/* Begin XCBuildConfiguration section */
		8309064127DD307900A12114 /* Debug */ = {
			isa = XCBuildConfiguration;
			buildSettings = {
				ALWAYS_SEARCH_USER_PATHS = NO;
				CLANG_ANALYZER_NONNULL = YES;
				CLANG_ANALYZER_NUMBER_OBJECT_CONVERSION = YES_AGGRESSIVE;
				CLANG_CXX_LANGUAGE_STANDARD = "gnu++17";
				CLANG_CXX_LIBRARY = "libc++";
				CLANG_ENABLE_MODULES = YES;
				CLANG_ENABLE_OBJC_ARC = YES;
				CLANG_ENABLE_OBJC_WEAK = YES;
				CLANG_WARN_BLOCK_CAPTURE_AUTORELEASING = YES;
				CLANG_WARN_BOOL_CONVERSION = YES;
				CLANG_WARN_COMMA = YES;
				CLANG_WARN_CONSTANT_CONVERSION = YES;
				CLANG_WARN_DEPRECATED_OBJC_IMPLEMENTATIONS = YES;
				CLANG_WARN_DIRECT_OBJC_ISA_USAGE = YES_ERROR;
				CLANG_WARN_DOCUMENTATION_COMMENTS = YES;
				CLANG_WARN_EMPTY_BODY = YES;
				CLANG_WARN_ENUM_CONVERSION = YES;
				CLANG_WARN_INFINITE_RECURSION = YES;
				CLANG_WARN_INT_CONVERSION = YES;
				CLANG_WARN_NON_LITERAL_NULL_CONVERSION = YES;
				CLANG_WARN_OBJC_IMPLICIT_RETAIN_SELF = YES;
				CLANG_WARN_OBJC_LITERAL_CONVERSION = YES;
				CLANG_WARN_OBJC_ROOT_CLASS = YES_ERROR;
				CLANG_WARN_QUOTED_INCLUDE_IN_FRAMEWORK_HEADER = YES;
				CLANG_WARN_RANGE_LOOP_ANALYSIS = YES;
				CLANG_WARN_STRICT_PROTOTYPES = YES;
				CLANG_WARN_SUSPICIOUS_MOVE = YES;
				CLANG_WARN_UNGUARDED_AVAILABILITY = YES_AGGRESSIVE;
				CLANG_WARN_UNREACHABLE_CODE = YES;
				CLANG_WARN__DUPLICATE_METHOD_MATCH = YES;
				COPY_PHASE_STRIP = NO;
				DEBUG_INFORMATION_FORMAT = dwarf;
				ENABLE_STRICT_OBJC_MSGSEND = YES;
				ENABLE_TESTABILITY = YES;
				GCC_C_LANGUAGE_STANDARD = gnu11;
				GCC_DYNAMIC_NO_PIC = NO;
				GCC_NO_COMMON_BLOCKS = YES;
				GCC_OPTIMIZATION_LEVEL = 0;
				GCC_PREPROCESSOR_DEFINITIONS = (
					"DEBUG=1",
					"$(inherited)",
				);
				GCC_WARN_64_TO_32_BIT_CONVERSION = YES;
				GCC_WARN_ABOUT_RETURN_TYPE = YES_ERROR;
				GCC_WARN_UNDECLARED_SELECTOR = YES;
				GCC_WARN_UNINITIALIZED_AUTOS = YES_AGGRESSIVE;
				GCC_WARN_UNUSED_FUNCTION = YES;
				GCC_WARN_UNUSED_VARIABLE = YES;
				IPHONEOS_DEPLOYMENT_TARGET = 15.0;
				MTL_ENABLE_DEBUG_INFO = INCLUDE_SOURCE;
				MTL_FAST_MATH = YES;
				ONLY_ACTIVE_ARCH = YES;
				SDKROOT = iphoneos;
				SWIFT_ACTIVE_COMPILATION_CONDITIONS = DEBUG;
				SWIFT_OPTIMIZATION_LEVEL = "-Onone";
			};
			name = Debug;
		};
		8309064227DD307900A12114 /* Release */ = {
			isa = XCBuildConfiguration;
			buildSettings = {
				ALWAYS_SEARCH_USER_PATHS = NO;
				CLANG_ANALYZER_NONNULL = YES;
				CLANG_ANALYZER_NUMBER_OBJECT_CONVERSION = YES_AGGRESSIVE;
				CLANG_CXX_LANGUAGE_STANDARD = "gnu++17";
				CLANG_CXX_LIBRARY = "libc++";
				CLANG_ENABLE_MODULES = YES;
				CLANG_ENABLE_OBJC_ARC = YES;
				CLANG_ENABLE_OBJC_WEAK = YES;
				CLANG_WARN_BLOCK_CAPTURE_AUTORELEASING = YES;
				CLANG_WARN_BOOL_CONVERSION = YES;
				CLANG_WARN_COMMA = YES;
				CLANG_WARN_CONSTANT_CONVERSION = YES;
				CLANG_WARN_DEPRECATED_OBJC_IMPLEMENTATIONS = YES;
				CLANG_WARN_DIRECT_OBJC_ISA_USAGE = YES_ERROR;
				CLANG_WARN_DOCUMENTATION_COMMENTS = YES;
				CLANG_WARN_EMPTY_BODY = YES;
				CLANG_WARN_ENUM_CONVERSION = YES;
				CLANG_WARN_INFINITE_RECURSION = YES;
				CLANG_WARN_INT_CONVERSION = YES;
				CLANG_WARN_NON_LITERAL_NULL_CONVERSION = YES;
				CLANG_WARN_OBJC_IMPLICIT_RETAIN_SELF = YES;
				CLANG_WARN_OBJC_LITERAL_CONVERSION = YES;
				CLANG_WARN_OBJC_ROOT_CLASS = YES_ERROR;
				CLANG_WARN_QUOTED_INCLUDE_IN_FRAMEWORK_HEADER = YES;
				CLANG_WARN_RANGE_LOOP_ANALYSIS = YES;
				CLANG_WARN_STRICT_PROTOTYPES = YES;
				CLANG_WARN_SUSPICIOUS_MOVE = YES;
				CLANG_WARN_UNGUARDED_AVAILABILITY = YES_AGGRESSIVE;
				CLANG_WARN_UNREACHABLE_CODE = YES;
				CLANG_WARN__DUPLICATE_METHOD_MATCH = YES;
				COPY_PHASE_STRIP = NO;
				DEBUG_INFORMATION_FORMAT = "dwarf-with-dsym";
				ENABLE_NS_ASSERTIONS = NO;
				ENABLE_STRICT_OBJC_MSGSEND = YES;
				GCC_C_LANGUAGE_STANDARD = gnu11;
				GCC_NO_COMMON_BLOCKS = YES;
				GCC_WARN_64_TO_32_BIT_CONVERSION = YES;
				GCC_WARN_ABOUT_RETURN_TYPE = YES_ERROR;
				GCC_WARN_UNDECLARED_SELECTOR = YES;
				GCC_WARN_UNINITIALIZED_AUTOS = YES_AGGRESSIVE;
				GCC_WARN_UNUSED_FUNCTION = YES;
				GCC_WARN_UNUSED_VARIABLE = YES;
				IPHONEOS_DEPLOYMENT_TARGET = 15.0;
				MTL_ENABLE_DEBUG_INFO = NO;
				MTL_FAST_MATH = YES;
				SDKROOT = iphoneos;
				SWIFT_COMPILATION_MODE = wholemodule;
				SWIFT_OPTIMIZATION_LEVEL = "-O";
				VALIDATE_PRODUCT = YES;
			};
			name = Release;
		};
		8309064427DD307900A12114 /* Debug */ = {
			isa = XCBuildConfiguration;
			baseConfigurationReference = 6252D25C11E14EF3A8FE0C5C /* Pods-TMDBClient.debug.xcconfig */;
			buildSettings = {
				ASSETCATALOG_COMPILER_APPICON_NAME = AppIcon;
				ASSETCATALOG_COMPILER_GLOBAL_ACCENT_COLOR_NAME = AccentColor;
				CODE_SIGN_STYLE = Automatic;
				CURRENT_PROJECT_VERSION = 1;
				DEVELOPMENT_TEAM = 7P353UV95G;
				GENERATE_INFOPLIST_FILE = YES;
				INFOPLIST_FILE = TMDBClient/Info.plist;
				INFOPLIST_KEY_UIApplicationSupportsIndirectInputEvents = YES;
				INFOPLIST_KEY_UILaunchStoryboardName = LaunchScreen;
				INFOPLIST_KEY_UIMainStoryboardFile = Main;
				INFOPLIST_KEY_UISupportedInterfaceOrientations_iPad = "UIInterfaceOrientationPortrait UIInterfaceOrientationPortraitUpsideDown UIInterfaceOrientationLandscapeLeft UIInterfaceOrientationLandscapeRight";
				INFOPLIST_KEY_UISupportedInterfaceOrientations_iPhone = "UIInterfaceOrientationPortrait UIInterfaceOrientationLandscapeLeft UIInterfaceOrientationLandscapeRight";
				IPHONEOS_DEPLOYMENT_TARGET = 14.0;
				LD_RUNPATH_SEARCH_PATHS = (
					"$(inherited)",
					"@executable_path/Frameworks",
				);
				MARKETING_VERSION = 1.0;
				PRODUCT_BUNDLE_IDENTIFIER = com.app.TMDBClient;
				PRODUCT_NAME = "$(TARGET_NAME)";
				SWIFT_EMIT_LOC_STRINGS = YES;
				SWIFT_VERSION = 5.0;
				TARGETED_DEVICE_FAMILY = "1,2";
			};
			name = Debug;
		};
		8309064527DD307900A12114 /* Release */ = {
			isa = XCBuildConfiguration;
			baseConfigurationReference = DBE508B0BD6122C6249ED24A /* Pods-TMDBClient.release.xcconfig */;
			buildSettings = {
				ASSETCATALOG_COMPILER_APPICON_NAME = AppIcon;
				ASSETCATALOG_COMPILER_GLOBAL_ACCENT_COLOR_NAME = AccentColor;
				CODE_SIGN_STYLE = Automatic;
				CURRENT_PROJECT_VERSION = 1;
				DEVELOPMENT_TEAM = 7P353UV95G;
				GENERATE_INFOPLIST_FILE = YES;
				INFOPLIST_FILE = TMDBClient/Info.plist;
				INFOPLIST_KEY_UIApplicationSupportsIndirectInputEvents = YES;
				INFOPLIST_KEY_UILaunchStoryboardName = LaunchScreen;
				INFOPLIST_KEY_UIMainStoryboardFile = Main;
				INFOPLIST_KEY_UISupportedInterfaceOrientations_iPad = "UIInterfaceOrientationPortrait UIInterfaceOrientationPortraitUpsideDown UIInterfaceOrientationLandscapeLeft UIInterfaceOrientationLandscapeRight";
				INFOPLIST_KEY_UISupportedInterfaceOrientations_iPhone = "UIInterfaceOrientationPortrait UIInterfaceOrientationLandscapeLeft UIInterfaceOrientationLandscapeRight";
				IPHONEOS_DEPLOYMENT_TARGET = 14.0;
				LD_RUNPATH_SEARCH_PATHS = (
					"$(inherited)",
					"@executable_path/Frameworks",
				);
				MARKETING_VERSION = 1.0;
				PRODUCT_BUNDLE_IDENTIFIER = com.app.TMDBClient;
				PRODUCT_NAME = "$(TARGET_NAME)";
				SWIFT_EMIT_LOC_STRINGS = YES;
				SWIFT_VERSION = 5.0;
				TARGETED_DEVICE_FAMILY = "1,2";
			};
			name = Release;
		};
		8309064727DD307900A12114 /* Debug */ = {
			isa = XCBuildConfiguration;
			baseConfigurationReference = 233374B5B21604393625A4B2 /* Pods-TMDBClientTests.debug.xcconfig */;
			buildSettings = {
				ALWAYS_EMBED_SWIFT_STANDARD_LIBRARIES = YES;
				BUNDLE_LOADER = "$(TEST_HOST)";
				CODE_SIGN_STYLE = Automatic;
				CURRENT_PROJECT_VERSION = 1;
				DEVELOPMENT_TEAM = 7P353UV95G;
				GENERATE_INFOPLIST_FILE = YES;
				IPHONEOS_DEPLOYMENT_TARGET = 15.0;
				LD_RUNPATH_SEARCH_PATHS = (
					"$(inherited)",
					"@executable_path/Frameworks",
					"@loader_path/Frameworks",
				);
				MARKETING_VERSION = 1.0;
				PRODUCT_BUNDLE_IDENTIFIER = com.app.TMDBClientTests;
				PRODUCT_NAME = "$(TARGET_NAME)";
				SWIFT_EMIT_LOC_STRINGS = NO;
				SWIFT_VERSION = 5.0;
				TARGETED_DEVICE_FAMILY = "1,2";
				TEST_HOST = "$(BUILT_PRODUCTS_DIR)/TMDBClient.app/TMDBClient";
			};
			name = Debug;
		};
		8309064827DD307900A12114 /* Release */ = {
			isa = XCBuildConfiguration;
			baseConfigurationReference = C9365562300713DD2E3E4586 /* Pods-TMDBClientTests.release.xcconfig */;
			buildSettings = {
				ALWAYS_EMBED_SWIFT_STANDARD_LIBRARIES = YES;
				BUNDLE_LOADER = "$(TEST_HOST)";
				CODE_SIGN_STYLE = Automatic;
				CURRENT_PROJECT_VERSION = 1;
				DEVELOPMENT_TEAM = 7P353UV95G;
				GENERATE_INFOPLIST_FILE = YES;
				IPHONEOS_DEPLOYMENT_TARGET = 15.0;
				LD_RUNPATH_SEARCH_PATHS = (
					"$(inherited)",
					"@executable_path/Frameworks",
					"@loader_path/Frameworks",
				);
				MARKETING_VERSION = 1.0;
				PRODUCT_BUNDLE_IDENTIFIER = com.app.TMDBClientTests;
				PRODUCT_NAME = "$(TARGET_NAME)";
				SWIFT_EMIT_LOC_STRINGS = NO;
				SWIFT_VERSION = 5.0;
				TARGETED_DEVICE_FAMILY = "1,2";
				TEST_HOST = "$(BUILT_PRODUCTS_DIR)/TMDBClient.app/TMDBClient";
			};
			name = Release;
		};
		8309064A27DD307900A12114 /* Debug */ = {
			isa = XCBuildConfiguration;
			baseConfigurationReference = 6FCBDE7EEF3AF5E47C383D8C /* Pods-TMDBClient-TMDBClientUITests.debug.xcconfig */;
			buildSettings = {
				ALWAYS_EMBED_SWIFT_STANDARD_LIBRARIES = YES;
				CODE_SIGN_STYLE = Automatic;
				CURRENT_PROJECT_VERSION = 1;
				DEVELOPMENT_TEAM = 7P353UV95G;
				GENERATE_INFOPLIST_FILE = YES;
				LD_RUNPATH_SEARCH_PATHS = (
					"$(inherited)",
					"@executable_path/Frameworks",
					"@loader_path/Frameworks",
				);
				MARKETING_VERSION = 1.0;
				PRODUCT_BUNDLE_IDENTIFIER = com.app.TMDBClientUITests;
				PRODUCT_NAME = "$(TARGET_NAME)";
				SWIFT_EMIT_LOC_STRINGS = NO;
				SWIFT_VERSION = 5.0;
				TARGETED_DEVICE_FAMILY = "1,2";
				TEST_TARGET_NAME = TMDBClient;
			};
			name = Debug;
		};
		8309064B27DD307900A12114 /* Release */ = {
			isa = XCBuildConfiguration;
			baseConfigurationReference = BF61F4104481CE386AE1C01C /* Pods-TMDBClient-TMDBClientUITests.release.xcconfig */;
			buildSettings = {
				ALWAYS_EMBED_SWIFT_STANDARD_LIBRARIES = YES;
				CODE_SIGN_STYLE = Automatic;
				CURRENT_PROJECT_VERSION = 1;
				DEVELOPMENT_TEAM = 7P353UV95G;
				GENERATE_INFOPLIST_FILE = YES;
				LD_RUNPATH_SEARCH_PATHS = (
					"$(inherited)",
					"@executable_path/Frameworks",
					"@loader_path/Frameworks",
				);
				MARKETING_VERSION = 1.0;
				PRODUCT_BUNDLE_IDENTIFIER = com.app.TMDBClientUITests;
				PRODUCT_NAME = "$(TARGET_NAME)";
				SWIFT_EMIT_LOC_STRINGS = NO;
				SWIFT_VERSION = 5.0;
				TARGETED_DEVICE_FAMILY = "1,2";
				TEST_TARGET_NAME = TMDBClient;
			};
			name = Release;
		};
/* End XCBuildConfiguration section */

/* Begin XCConfigurationList section */
		8309061427DD307500A12114 /* Build configuration list for PBXProject "TMDBClient" */ = {
			isa = XCConfigurationList;
			buildConfigurations = (
				8309064127DD307900A12114 /* Debug */,
				8309064227DD307900A12114 /* Release */,
			);
			defaultConfigurationIsVisible = 0;
			defaultConfigurationName = Release;
		};
		8309064327DD307900A12114 /* Build configuration list for PBXNativeTarget "TMDBClient" */ = {
			isa = XCConfigurationList;
			buildConfigurations = (
				8309064427DD307900A12114 /* Debug */,
				8309064527DD307900A12114 /* Release */,
			);
			defaultConfigurationIsVisible = 0;
			defaultConfigurationName = Release;
		};
		8309064627DD307900A12114 /* Build configuration list for PBXNativeTarget "TMDBClientTests" */ = {
			isa = XCConfigurationList;
			buildConfigurations = (
				8309064727DD307900A12114 /* Debug */,
				8309064827DD307900A12114 /* Release */,
			);
			defaultConfigurationIsVisible = 0;
			defaultConfigurationName = Release;
		};
		8309064927DD307900A12114 /* Build configuration list for PBXNativeTarget "TMDBClientUITests" */ = {
			isa = XCConfigurationList;
			buildConfigurations = (
				8309064A27DD307900A12114 /* Debug */,
				8309064B27DD307900A12114 /* Release */,
			);
			defaultConfigurationIsVisible = 0;
			defaultConfigurationName = Release;
		};
/* End XCConfigurationList section */
	};
	rootObject = 8309061127DD307500A12114 /* Project object */;
}
